// !$*UTF8*$!
{
	archiveVersion = 1;
	classes = {
	};
	objectVersion = 46;
	objects = {

/* Begin PBXBuildFile section */
		03C0B4D91F54A71B00F9FFAE /* Actor.cpp in Sources */ = {isa = PBXBuildFile; fileRef = 03C0B4D41F54A71B00F9FFAE /* Actor.cpp */; };
		03C0B4DA1F54A71B00F9FFAE /* GameController.cpp in Sources */ = {isa = PBXBuildFile; fileRef = 03C0B4D51F54A71B00F9FFAE /* GameController.cpp */; };
		03C0B4DB1F54A71B00F9FFAE /* GameWorld.cpp in Sources */ = {isa = PBXBuildFile; fileRef = 03C0B4D61F54A71B00F9FFAE /* GameWorld.cpp */; };
		03C0B4DC1F54A71B00F9FFAE /* main.cpp in Sources */ = {isa = PBXBuildFile; fileRef = 03C0B4D71F54A71B00F9FFAE /* main.cpp */; };
		03C0B4DD1F54A71B00F9FFAE /* StudentWorld.cpp in Sources */ = {isa = PBXBuildFile; fileRef = 03C0B4D81F54A71B00F9FFAE /* StudentWorld.cpp */; };
		4B5BB2801A911630009A9A96 /* OpenGL.framework in Frameworks */ = {isa = PBXBuildFile; fileRef = 4B5BB27F1A911630009A9A96 /* OpenGL.framework */; };
/* End PBXBuildFile section */

/* Begin PBXCopyFilesBuildPhase section */
		4B5BB25F1A9110AA009A9A96 /* CopyFiles */ = {
			isa = PBXCopyFilesBuildPhase;
			buildActionMask = 2147483647;
			dstPath = /usr/share/man/man1/;
			dstSubfolderSpec = 0;
			files = (
			);
			runOnlyForDeploymentPostprocessing = 1;
		};
/* End PBXCopyFilesBuildPhase section */

/* Begin PBXFileReference section */
		03C0B4D41F54A71B00F9FFAE /* Actor.cpp */ = {isa = PBXFileReference; fileEncoding = 4; indentWidth = 2; lastKnownFileType = sourcecode.cpp.cpp; name = Actor.cpp; path = SpaceInflators/Actor.cpp; sourceTree = SOURCE_ROOT; tabWidth = 2; };
		03C0B4D51F54A71B00F9FFAE /* GameController.cpp */ = {isa = PBXFileReference; fileEncoding = 4; lastKnownFileType = sourcecode.cpp.cpp; name = GameController.cpp; path = SpaceInflators/GameController.cpp; sourceTree = SOURCE_ROOT; };
		03C0B4D61F54A71B00F9FFAE /* GameWorld.cpp */ = {isa = PBXFileReference; fileEncoding = 4; lastKnownFileType = sourcecode.cpp.cpp; name = GameWorld.cpp; path = SpaceInflators/GameWorld.cpp; sourceTree = SOURCE_ROOT; };
		03C0B4D71F54A71B00F9FFAE /* main.cpp */ = {isa = PBXFileReference; fileEncoding = 4; lastKnownFileType = sourcecode.cpp.cpp; name = main.cpp; path = SpaceInflators/main.cpp; sourceTree = SOURCE_ROOT; };
		03C0B4D81F54A71B00F9FFAE /* StudentWorld.cpp */ = {isa = PBXFileReference; fileEncoding = 4; indentWidth = 2; lastKnownFileType = sourcecode.cpp.cpp; name = StudentWorld.cpp; path = SpaceInflators/StudentWorld.cpp; sourceTree = SOURCE_ROOT; tabWidth = 2; };
		03C0B4DE1F54A72700F9FFAE /* Actor.h */ = {isa = PBXFileReference; indentWidth = 2; lastKnownFileType = sourcecode.c.h; name = Actor.h; path = SpaceInflators/Actor.h; sourceTree = SOURCE_ROOT; tabWidth = 2; };
		03C0B4DF1F54A72700F9FFAE /* GameConstants.h */ = {isa = PBXFileReference; lastKnownFileType = sourcecode.c.h; name = GameConstants.h; path = SpaceInflators/GameConstants.h; sourceTree = SOURCE_ROOT; };
		03C0B4E01F54A72700F9FFAE /* GameController.h */ = {isa = PBXFileReference; indentWidth = 2; lastKnownFileType = sourcecode.c.h; name = GameController.h; path = SpaceInflators/GameController.h; sourceTree = SOURCE_ROOT; tabWidth = 2; };
		03C0B4E11F54A72700F9FFAE /* GameWorld.h */ = {isa = PBXFileReference; lastKnownFileType = sourcecode.c.h; name = GameWorld.h; path = SpaceInflators/GameWorld.h; sourceTree = SOURCE_ROOT; };
		03C0B4E31F54A72700F9FFAE /* GraphObject.h */ = {isa = PBXFileReference; indentWidth = 2; lastKnownFileType = sourcecode.c.h; name = GraphObject.h; path = SpaceInflators/GraphObject.h; sourceTree = SOURCE_ROOT; tabWidth = 2; };
		03C0B4E41F54A72700F9FFAE /* SoundFX.h */ = {isa = PBXFileReference; indentWidth = 2; lastKnownFileType = sourcecode.c.h; name = SoundFX.h; path = SpaceInflators/SoundFX.h; sourceTree = SOURCE_ROOT; tabWidth = 2; };
		03C0B4E51F54A72700F9FFAE /* StudentWorld.h */ = {isa = PBXFileReference; indentWidth = 2; lastKnownFileType = sourcecode.c.h; name = StudentWorld.h; path = SpaceInflators/StudentWorld.h; sourceTree = SOURCE_ROOT; tabWidth = 2; };
		03C0B4E61F54B59800F9FFAE /* freeglut_ext.h */ = {isa = PBXFileReference; fileEncoding = 4; lastKnownFileType = sourcecode.c.h; name = freeglut_ext.h; path = SpaceInflators/freeglut_ext.h; sourceTree = SOURCE_ROOT; };
		03C0B4E71F54B59800F9FFAE /* freeglut_std.h */ = {isa = PBXFileReference; fileEncoding = 4; lastKnownFileType = sourcecode.c.h; name = freeglut_std.h; path = SpaceInflators/freeglut_std.h; sourceTree = SOURCE_ROOT; };
		03C0B4E81F54B59800F9FFAE /* freeglut.h */ = {isa = PBXFileReference; fileEncoding = 4; lastKnownFileType = sourcecode.c.h; name = freeglut.h; path = SpaceInflators/freeglut.h; sourceTree = SOURCE_ROOT; };
		03C0B4E91F54B82100F9FFAE /* SpriteManager.h */ = {isa = PBXFileReference; fileEncoding = 4; indentWidth = 2; lastKnownFileType = sourcecode.c.h; name = SpriteManager.h; path = SpaceInflators/SpriteManager.h; sourceTree = SOURCE_ROOT; tabWidth = 2; };
		4B5BB2611A9110AA009A9A96 /* SpaceInflators */ = {isa = PBXFileReference; explicitFileType = "compiled.mach-o.executable"; includeInIndex = 0; path = SpaceInflators; sourceTree = BUILT_PRODUCTS_DIR; };
		4B5BB27F1A911630009A9A96 /* OpenGL.framework */ = {isa = PBXFileReference; lastKnownFileType = wrapper.framework; name = OpenGL.framework; path = System/Library/Frameworks/OpenGL.framework; sourceTree = SDKROOT; };
/* End PBXFileReference section */

/* Begin PBXFrameworksBuildPhase section */
		4B5BB25E1A9110AA009A9A96 /* Frameworks */ = {
			isa = PBXFrameworksBuildPhase;
			buildActionMask = 2147483647;
			files = (
				4B5BB2801A911630009A9A96 /* OpenGL.framework in Frameworks */,
			);
			runOnlyForDeploymentPostprocessing = 0;
		};
/* End PBXFrameworksBuildPhase section */

/* Begin PBXGroup section */
		03FEEF331F4E005100A02098 /* Header Files */ = {
			isa = PBXGroup;
			children = (
				03C0B4DE1F54A72700F9FFAE /* Actor.h */,
				03C0B4E61F54B59800F9FFAE /* freeglut_ext.h */,
				03C0B4E71F54B59800F9FFAE /* freeglut_std.h */,
				03C0B4E81F54B59800F9FFAE /* freeglut.h */,
				03C0B4DF1F54A72700F9FFAE /* GameConstants.h */,
				03C0B4E01F54A72700F9FFAE /* GameController.h */,
				03C0B4E11F54A72700F9FFAE /* GameWorld.h */,
				03C0B4E31F54A72700F9FFAE /* GraphObject.h */,
				03C0B4E41F54A72700F9FFAE /* SoundFX.h */,
				03C0B4E91F54B82100F9FFAE /* SpriteManager.h */,
				03C0B4E51F54A72700F9FFAE /* StudentWorld.h */,
			);
			name = "Header Files";
			sourceTree = "<group>";
		};
		03FEEF341F4E005700A02098 /* Source Files */ = {
			isa = PBXGroup;
			children = (
				03C0B4D41F54A71B00F9FFAE /* Actor.cpp */,
				03C0B4D51F54A71B00F9FFAE /* GameController.cpp */,
				03C0B4D61F54A71B00F9FFAE /* GameWorld.cpp */,
				03C0B4D71F54A71B00F9FFAE /* main.cpp */,
				03C0B4D81F54A71B00F9FFAE /* StudentWorld.cpp */,
			);
			name = "Source Files";
			sourceTree = "<group>";
		};
		4B5BB2581A9110AA009A9A96 = {
			isa = PBXGroup;
			children = (
				4B5BB27F1A911630009A9A96 /* OpenGL.framework */,
				4B5BB2631A9110AA009A9A96 /* SpaceInflators */,
				4B5BB2621A9110AA009A9A96 /* Products */,
			);
			sourceTree = "<group>";
		};
		4B5BB2621A9110AA009A9A96 /* Products */ = {
			isa = PBXGroup;
			children = (
				4B5BB2611A9110AA009A9A96 /* SpaceInflators */,
			);
			name = Products;
			sourceTree = "<group>";
		};
		4B5BB2631A9110AA009A9A96 /* SpaceInflators */ = {
			isa = PBXGroup;
			children = (
				03FEEF341F4E005700A02098 /* Source Files */,
				03FEEF331F4E005100A02098 /* Header Files */,
			);
			name = SpaceInflators;
			path = FrackMan;
			sourceTree = "<group>";
		};
/* End PBXGroup section */

/* Begin PBXNativeTarget section */
		4B5BB2601A9110AA009A9A96 /* SpaceInflators */ = {
			isa = PBXNativeTarget;
			buildConfigurationList = 4B5BB2681A9110AA009A9A96 /* Build configuration list for PBXNativeTarget "SpaceInflators" */;
			buildPhases = (
				4B5BB25D1A9110AA009A9A96 /* Sources */,
				4B5BB25E1A9110AA009A9A96 /* Frameworks */,
				4B5BB25F1A9110AA009A9A96 /* CopyFiles */,
			);
			buildRules = (
			);
			dependencies = (
			);
			name = SpaceInflators;
			productName = FrackMan;
			productReference = 4B5BB2611A9110AA009A9A96 /* SpaceInflators */;
			productType = "com.apple.product-type.tool";
		};
/* End PBXNativeTarget section */

/* Begin PBXProject section */
		4B5BB2591A9110AA009A9A96 /* Project object */ = {
			isa = PBXProject;
			attributes = {
				LastUpgradeCheck = 0720;
				ORGANIZATIONNAME = "David Smallberg";
				TargetAttributes = {
					4B5BB2601A9110AA009A9A96 = {
						CreatedOnToolsVersion = 6.1.1;
					};
				};
			};
			buildConfigurationList = 4B5BB25C1A9110AA009A9A96 /* Build configuration list for PBXProject "SpaceInflators" */;
			compatibilityVersion = "Xcode 3.2";
			developmentRegion = English;
			hasScannedForEncodings = 0;
			knownRegions = (
				en,
			);
			mainGroup = 4B5BB2581A9110AA009A9A96;
			productRefGroup = 4B5BB2621A9110AA009A9A96 /* Products */;
			projectDirPath = "";
			projectRoot = "";
			targets = (
				4B5BB2601A9110AA009A9A96 /* SpaceInflators */,
			);
		};
/* End PBXProject section */

/* Begin PBXSourcesBuildPhase section */
		4B5BB25D1A9110AA009A9A96 /* Sources */ = {
			isa = PBXSourcesBuildPhase;
			buildActionMask = 2147483647;
			files = (
				03C0B4D91F54A71B00F9FFAE /* Actor.cpp in Sources */,
				03C0B4DD1F54A71B00F9FFAE /* StudentWorld.cpp in Sources */,
				03C0B4DA1F54A71B00F9FFAE /* GameController.cpp in Sources */,
				03C0B4DC1F54A71B00F9FFAE /* main.cpp in Sources */,
				03C0B4DB1F54A71B00F9FFAE /* GameWorld.cpp in Sources */,
			);
			runOnlyForDeploymentPostprocessing = 0;
		};
/* End PBXSourcesBuildPhase section */

/* Begin XCBuildConfiguration section */
		4B5BB2661A9110AA009A9A96 /* Debug */ = {
			isa = XCBuildConfiguration;
			buildSettings = {
				ALWAYS_SEARCH_USER_PATHS = NO;
				CLANG_CXX_LANGUAGE_STANDARD = "gnu++0x";
				CLANG_CXX_LIBRARY = "libc++";
				CLANG_ENABLE_MODULES = YES;
				CLANG_ENABLE_OBJC_ARC = YES;
				CLANG_WARN_BOOL_CONVERSION = YES;
				CLANG_WARN_CONSTANT_CONVERSION = YES;
				CLANG_WARN_DIRECT_OBJC_ISA_USAGE = YES_ERROR;
				CLANG_WARN_EMPTY_BODY = YES;
				CLANG_WARN_ENUM_CONVERSION = YES;
				CLANG_WARN_INT_CONVERSION = YES;
				CLANG_WARN_OBJC_ROOT_CLASS = YES_ERROR;
				CLANG_WARN_UNREACHABLE_CODE = YES;
				CLANG_WARN__DUPLICATE_METHOD_MATCH = YES;
				COPY_PHASE_STRIP = NO;
				ENABLE_STRICT_OBJC_MSGSEND = YES;
				ENABLE_TESTABILITY = YES;
				GCC_C_LANGUAGE_STANDARD = gnu99;
				GCC_DYNAMIC_NO_PIC = NO;
				GCC_OPTIMIZATION_LEVEL = 0;
				GCC_PREPROCESSOR_DEFINITIONS = (
					"DEBUG=1",
					"$(inherited)",
				);
				GCC_SYMBOLS_PRIVATE_EXTERN = NO;
				GCC_WARN_64_TO_32_BIT_CONVERSION = YES;
				GCC_WARN_ABOUT_RETURN_TYPE = YES_ERROR;
				GCC_WARN_UNDECLARED_SELECTOR = YES;
				GCC_WARN_UNINITIALIZED_AUTOS = YES_AGGRESSIVE;
				GCC_WARN_UNUSED_FUNCTION = YES;
				GCC_WARN_UNUSED_VARIABLE = YES;
				"LIBRARY_SEARCH_PATHS[arch=*]" = /opt/local/lib;
				MACOSX_DEPLOYMENT_TARGET = 10.8;
				MTL_ENABLE_DEBUG_INFO = YES;
				ONLY_ACTIVE_ARCH = YES;
				"OTHER_LDFLAGS[arch=*]" = "-lglut";
				SDKROOT = macosx;
			};
			name = Debug;
		};
		4B5BB2671A9110AA009A9A96 /* Release */ = {
			isa = XCBuildConfiguration;
			buildSettings = {
				ALWAYS_SEARCH_USER_PATHS = NO;
				CLANG_CXX_LANGUAGE_STANDARD = "gnu++0x";
				CLANG_CXX_LIBRARY = "libc++";
				CLANG_ENABLE_MODULES = YES;
				CLANG_ENABLE_OBJC_ARC = YES;
				CLANG_WARN_BOOL_CONVERSION = YES;
				CLANG_WARN_CONSTANT_CONVERSION = YES;
				CLANG_WARN_DIRECT_OBJC_ISA_USAGE = YES_ERROR;
				CLANG_WARN_EMPTY_BODY = YES;
				CLANG_WARN_ENUM_CONVERSION = YES;
				CLANG_WARN_INT_CONVERSION = YES;
				CLANG_WARN_OBJC_ROOT_CLASS = YES_ERROR;
				CLANG_WARN_UNREACHABLE_CODE = YES;
				CLANG_WARN__DUPLICATE_METHOD_MATCH = YES;
				COPY_PHASE_STRIP = YES;
				DEBUG_INFORMATION_FORMAT = "dwarf-with-dsym";
				ENABLE_NS_ASSERTIONS = NO;
				ENABLE_STRICT_OBJC_MSGSEND = YES;
				GCC_C_LANGUAGE_STANDARD = gnu99;
				GCC_WARN_64_TO_32_BIT_CONVERSION = YES;
				GCC_WARN_ABOUT_RETURN_TYPE = YES_ERROR;
				GCC_WARN_UNDECLARED_SELECTOR = YES;
				GCC_WARN_UNINITIALIZED_AUTOS = YES_AGGRESSIVE;
				GCC_WARN_UNUSED_FUNCTION = YES;
				GCC_WARN_UNUSED_VARIABLE = YES;
				MACOSX_DEPLOYMENT_TARGET = 10.8;
				MTL_ENABLE_DEBUG_INFO = NO;
				SDKROOT = macosx;
			};
			name = Release;
		};
		4B5BB2691A9110AA009A9A96 /* Debug */ = {
			isa = XCBuildConfiguration;
			buildSettings = {
				GCC_TREAT_WARNINGS_AS_ERRORS = NO;
				GCC_WARN_PEDANTIC = NO;
				"LIBRARY_SEARCH_PATHS[arch=*]" = (
					/opt/X11/lib,
					/opt/local/lib,
				);
				MACOSX_DEPLOYMENT_TARGET = 10.8;
				OTHER_CFLAGS = "";
				PRODUCT_NAME = "$(TARGET_NAME)";
			};
			name = Debug;
		};
		4B5BB26A1A9110AA009A9A96 /* Release */ = {
			isa = XCBuildConfiguration;
			buildSettings = {
				GCC_TREAT_WARNINGS_AS_ERRORS = NO;
				GCC_WARN_PEDANTIC = NO;
				MACOSX_DEPLOYMENT_TARGET = 10.8;
				PRODUCT_NAME = "$(TARGET_NAME)";
			};
			name = Release;
		};
/* End XCBuildConfiguration section */

/* Begin XCConfigurationList section */
		4B5BB25C1A9110AA009A9A96 /* Build configuration list for PBXProject "SpaceInflators" */ = {
			isa = XCConfigurationList;
			buildConfigurations = (
				4B5BB2661A9110AA009A9A96 /* Debug */,
				4B5BB2671A9110AA009A9A96 /* Release */,
			);
			defaultConfigurationIsVisible = 0;
			defaultConfigurationName = Release;
		};
		4B5BB2681A9110AA009A9A96 /* Build configuration list for PBXNativeTarget "SpaceInflators" */ = {
			isa = XCConfigurationList;
			buildConfigurations = (
				4B5BB2691A9110AA009A9A96 /* Debug */,
				4B5BB26A1A9110AA009A9A96 /* Release */,
			);
			defaultConfigurationIsVisible = 0;
			defaultConfigurationName = Release;
		};
/* End XCConfigurationList section */
	};
	rootObject = 4B5BB2591A9110AA009A9A96 /* Project object */;
}
